{
    "name": "clipcc-extension-jdev-mochablox",
    "version": "1.0.0",
    "lockfileVersion": 2,
    "requires": true,
    "packages": {
        "": {
            "name": "clipcc-extension-jdev-mochablox",
            "version": "1.0.0",
            "dependencies": {
                "clipcc-extension": "^0.1.7"
            }
        },
        "node_modules/clipcc-extension": {
            "version": "0.1.7",
            "resolved": "https://registry.npmjs.org/clipcc-extension/-/clipcc-extension-0.1.7.tgz",
            "integrity": "sha512-CLQuOiWX02p7knh98OOGY61nbynO/8SGsulICXwk4cSvPJgeaB3krdjmWMNTb4+CAmB6+gVY8nd4x33DJm6IJQ=="
        }
    },
    "dependencies": {
        "clipcc-extension": {
            "version": "0.1.7",
            "resolved": "https://registry.npmjs.org/clipcc-extension/-/clipcc-extension-0.1.7.tgz",
            "integrity": "sha512-CLQuOiWX02p7knh98OOGY61nbynO/8SGsulICXwk4cSvPJgeaB3krdjmWMNTb4+CAmB6+gVY8nd4x33DJm6IJQ=="
        }
    }
}
